
Microsoft Visual Studio Solution File, Format Version 10.00
# Visual Studio 2008
Project("{FAE04EC0-301F-11D3-BF4B-00C04F79EFBC}") = "PublicMenuContextShell", "PublicMenuContextShell\PublicMenuContextShell.csproj", "{2E4763DF-CA34-4785-AE57-1FBC314029A1}"
EndProject
Global
	GlobalSection(TeamFoundationVersionControl) = preSolution
		SccNumberOfProjects = 2
		SccEnterpriseProvider = {4CA58AB2-18FA-4F8D-95D4-32DDF27D184C}
		SccTeamFoundationServer = http://10.5.10.7:8080/tfs/MapExtensions
		SccLocalPath0 = .
		SccProjectUniqueName1 = PublicMenuContextShell\\PublicMenuContextShell.csproj
		SccProjectName1 = PublicMenuContextShell
		SccLocalPath1 = PublicMenuContextShell
	EndGlobalSection
	GlobalSection(SolutionConfigurationPlatforms) = preSolution
		Debug|Any CPU = Debug|Any CPU
		Release|Any CPU = Release|Any CPU
	EndGlobalSection
	GlobalSection(ProjectConfigurationPlatforms) = postSolution
		{2E4763DF-CA34-4785-AE57-1FBC314029A1}.Debug|Any CPU.ActiveCfg = Debug|Any CPU
		{2E4763DF-CA34-4785-AE57-1FBC314029A1}.Debug|Any CPU.Build.0 = Debug|Any CPU
		{2E4763DF-CA34-4785-AE57-1FBC314029A1}.Release|Any CPU.ActiveCfg = Release|Any CPU
		{2E4763DF-CA34-4785-AE57-1FBC314029A1}.Release|Any CPU.Build.0 = Release|Any CPU
	EndGlobalSection
	GlobalSection(SolutionProperties) = preSolution
		HideSolutionNode = FALSE
	EndGlobalSection
EndGlobal
